
Microsoft Visual Studio Solution File, Format Version 12.00
# Visual Studio Version 16
VisualStudioVersion = 16.0.31402.337
MinimumVisualStudioVersion = 10.0.40219.1
Project("{FAE04EC0-301F-11D3-BF4B-00C04F79EFBC}") = "ITC899-366-899 Matthew Taylor HW3", "ITC899-366-899 Matthew Taylor HW3.csproj", "{1BC5AA58-F365-4982-A57E-5ED70035D450}"
EndProject
Global
	GlobalSection(SolutionConfigurationPlatforms) = preSolution
		Debug|Any CPU = Debug|Any CPU
		Release|Any CPU = Release|Any CPU
	EndGlobalSection
	GlobalSection(ProjectConfigurationPlatforms) = postSolution
		{1BC5AA58-F365-4982-A57E-5ED70035D450}.Debug|Any CPU.ActiveCfg = Debug|Any CPU
		{1BC5AA58-F365-4982-A57E-5ED70035D450}.Debug|Any CPU.Build.0 = Debug|Any CPU
		{1BC5AA58-F365-4982-A57E-5ED70035D450}.Release|Any CPU.ActiveCfg = Release|Any CPU
		{1BC5AA58-F365-4982-A57E-5ED70035D450}.Release|Any CPU.Build.0 = Release|Any CPU
	EndGlobalSection
	GlobalSection(SolutionProperties) = preSolution
		HideSolutionNode = FALSE
	EndGlobalSection
	GlobalSection(ExtensibilityGlobals) = postSolution
		SolutionGuid = {B30B5EFC-6EAB-4ABF-B559-EE95594F3764}
	EndGlobalSection
EndGlobal
